
Microsoft Visual Studio Solution File, Format Version 12.00
# Visual Studio Version 16
VisualStudioVersion = 16.0.29411.108
MinimumVisualStudioVersion = 10.0.40219.1
Project("{9A19103F-16F7-4668-BE54-9A1E7A4F7556}") = "won", "won\won.csproj", "{D3C07E70-2078-4DE1-B5BA-FF8DD3F80280}"
EndProject
Project("{FAE04EC0-301F-11D3-BF4B-00C04F79EFBC}") = "won.Android", "won.Android\won.Android.csproj", "{2E1DC866-2462-4D07-97E2-FDCB02A2AB3C}"
EndProject
Global
	GlobalSection(SolutionConfigurationPlatforms) = preSolution
		Debug|Any CPU = Debug|Any CPU
		Release|Any CPU = Release|Any CPU
	EndGlobalSection
	GlobalSection(ProjectConfigurationPlatforms) = postSolution
		{D3C07E70-2078-4DE1-B5BA-FF8DD3F80280}.Debug|Any CPU.ActiveCfg = Debug|Any CPU
		{D3C07E70-2078-4DE1-B5BA-FF8DD3F80280}.Debug|Any CPU.Build.0 = Debug|Any CPU
		{D3C07E70-2078-4DE1-B5BA-FF8DD3F80280}.Release|Any CPU.ActiveCfg = Release|Any CPU
		{D3C07E70-2078-4DE1-B5BA-FF8DD3F80280}.Release|Any CPU.Build.0 = Release|Any CPU
		{2E1DC866-2462-4D07-97E2-FDCB02A2AB3C}.Debug|Any CPU.ActiveCfg = Debug|Any CPU
		{2E1DC866-2462-4D07-97E2-FDCB02A2AB3C}.Debug|Any CPU.Build.0 = Debug|Any CPU
		{2E1DC866-2462-4D07-97E2-FDCB02A2AB3C}.Debug|Any CPU.Deploy.0 = Debug|Any CPU
		{2E1DC866-2462-4D07-97E2-FDCB02A2AB3C}.Release|Any CPU.ActiveCfg = Release|Any CPU
		{2E1DC866-2462-4D07-97E2-FDCB02A2AB3C}.Release|Any CPU.Build.0 = Release|Any CPU
		{2E1DC866-2462-4D07-97E2-FDCB02A2AB3C}.Release|Any CPU.Deploy.0 = Release|Any CPU
	EndGlobalSection
	GlobalSection(SolutionProperties) = preSolution
		HideSolutionNode = FALSE
	EndGlobalSection
	GlobalSection(ExtensibilityGlobals) = postSolution
		SolutionGuid = {62B5A13F-F2F3-47DC-A6BF-80BD417A0D0C}
	EndGlobalSection
EndGlobal
